Microsoft Visual Studio Solution File, Format Version 12.00
# Visual Studio Version 17
VisualStudioVersion = 17.5.2.0
MinimumVisualStudioVersion = 10.0.40219.1
Project("{FAE04EC0-301F-11D3-BF4B-00C04F79EFBC}") = "Api-restaurant", "Api-restaurant.csproj", "{C1A2C5D0-AF9E-B597-3C6E-4CDBA305E387}"
EndProject
Global
	GlobalSection(SolutionConfigurationPlatforms) = preSolution
		Debug|Any CPU = Debug|Any CPU
		Release|Any CPU = Release|Any CPU
	EndGlobalSection
	GlobalSection(ProjectConfigurationPlatforms) = postSolution
		{C1A2C5D0-AF9E-B597-3C6E-4CDBA305E387}.Debug|Any CPU.ActiveCfg = Debug|Any CPU
		{C1A2C5D0-AF9E-B597-3C6E-4CDBA305E387}.Debug|Any CPU.Build.0 = Debug|Any CPU
		{C1A2C5D0-AF9E-B597-3C6E-4CDBA305E387}.Release|Any CPU.ActiveCfg = Release|Any CPU
		{C1A2C5D0-AF9E-B597-3C6E-4CDBA305E387}.Release|Any CPU.Build.0 = Release|Any CPU
	EndGlobalSection
	GlobalSection(SolutionProperties) = preSolution
		HideSolutionNode = FALSE
	EndGlobalSection
	GlobalSection(ExtensibilityGlobals) = postSolution
		SolutionGuid = {DE6EE564-49AA-4B63-9B83-8A4A3D156356}
	EndGlobalSection
EndGlobal
